
Microsoft Visual Studio Solution File, Format Version 12.00
# Visual Studio Version 16
VisualStudioVersion = 16.0.30011.22
MinimumVisualStudioVersion = 10.0.40219.1
Project("{2150E333-8FDC-42A3-9474-1A3956D46DE8}") = "Peasy", "Peasy", "{131E550D-7DD9-4536-8B09-F7972E666478}"
EndProject
Project("{9A19103F-16F7-4668-BE54-9A1E7A4F7556}") = "spikes.Peasy.core", "Peasy\spikes.Peasy.core\spikes.Peasy.core.csproj", "{1E7B4C78-9DF8-4159-9F44-F9B5CD8FCE80}"
EndProject
Project("{9A19103F-16F7-4668-BE54-9A1E7A4F7556}") = "spikes.Peasy.test", "Peasy\spikes.Peasy.test\spikes.Peasy.test.csproj", "{23EAA645-E589-4E56-9315-E7A101DDD2D4}"
EndProject
Project("{2150E333-8FDC-42A3-9474-1A3956D46DE8}") = "MSRE", "MSRE", "{0076AE97-B7B3-4C79-95D6-1630794DE975}"
EndProject
Project("{9A19103F-16F7-4668-BE54-9A1E7A4F7556}") = "spikes.MSRE.core", "MS.Rules.Engine\spikes.MSRE.core\spikes.MSRE.core.csproj", "{D86E2F1B-AB4F-44AE-85A2-9A19C644CC39}"
EndProject
Project("{9A19103F-16F7-4668-BE54-9A1E7A4F7556}") = "spikes.MSRE.test", "MS.Rules.Engine\spikes.MSRE.test\spikes.MSRE.test.csproj", "{AFD5FC79-4B12-48F7-AE23-9F3408DC885C}"
EndProject
Project("{2150E333-8FDC-42A3-9474-1A3956D46DE8}") = "NRules", "NRules", "{6D12CC68-2E94-48CB-9817-7BB3F3B6A1E7}"
EndProject
Project("{9A19103F-16F7-4668-BE54-9A1E7A4F7556}") = "spikes.NRules.core", "NRules\spikes.NRules.core\spikes.NRules.core.csproj", "{46FFEB0F-2752-4D77-AA6B-F3E7459E9003}"
EndProject
Project("{9A19103F-16F7-4668-BE54-9A1E7A4F7556}") = "spikes.NRules.test", "NRules\spikes.NRules.test\spikes.NRules.test.csproj", "{0F0CBDDF-E791-4090-8DE1-979A28240DF0}"
EndProject
Project("{2150E333-8FDC-42A3-9474-1A3956D46DE8}") = "Solution Items", "Solution Items", "{73E39736-BD36-4F88-A80B-772628CAE4B0}"
	ProjectSection(SolutionItems) = preProject
		readme.txt = readme.txt
	EndProjectSection
EndProject
Project("{2150E333-8FDC-42A3-9474-1A3956D46DE8}") = "JsonLogic", "JsonLogic", "{6682306D-9CC7-4910-858F-81D5EF667A18}"
EndProject
Project("{9A19103F-16F7-4668-BE54-9A1E7A4F7556}") = "spikes.JsonLogic.core", "JsonLogic\spikes.JsonLogic.core\spikes.JsonLogic.core.csproj", "{27CF8F98-41FC-40B7-A393-58A7EDCD48A7}"
EndProject
Project("{9A19103F-16F7-4668-BE54-9A1E7A4F7556}") = "spikes.JsonLogic.test", "JsonLogic\spikes.JsonLogic.test\spikes.JsonLogic.test.csproj", "{960E93C9-7674-4F27-8D36-6F9C2AC9DB7E}"
EndProject
Project("{2150E333-8FDC-42A3-9474-1A3956D46DE8}") = "Common", "Common", "{EA788798-D44A-4584-B483-15A97EA2614B}"
EndProject
Project("{9A19103F-16F7-4668-BE54-9A1E7A4F7556}") = "core", "Common\core\core.csproj", "{CB6176FF-8CEF-4792-8F14-DD91EF5B1410}"
EndProject
Project("{9A19103F-16F7-4668-BE54-9A1E7A4F7556}") = "domain", "Common\domain\domain.csproj", "{C66A3BFB-4D08-4ED0-90CC-E63293F17FF5}"
EndProject
Project("{9A19103F-16F7-4668-BE54-9A1E7A4F7556}") = "infrastructure", "Common\infrastructure\infrastructure.csproj", "{F2E771F3-5BBE-4378-AEC8-AA29E6C9071F}"
EndProject
Project("{2150E333-8FDC-42A3-9474-1A3956D46DE8}") = "Engines", "Engines", "{D4532AD0-DC4E-4223-802C-DF282F438AE0}"
EndProject
Project("{FAE04EC0-301F-11D3-BF4B-00C04F79EFBC}") = "mocks", "Common\mocks\mocks.csproj", "{1B404370-09D6-45DB-9C72-65CAA55CC925}"
EndProject
Project("{FAE04EC0-301F-11D3-BF4B-00C04F79EFBC}") = "application", "Common\application\application.csproj", "{E4CAFD59-76CE-4DFE-B352-2619FDB294E7}"
EndProject
Global
	GlobalSection(SolutionConfigurationPlatforms) = preSolution
		Debug|Any CPU = Debug|Any CPU
		Release|Any CPU = Release|Any CPU
	EndGlobalSection
	GlobalSection(ProjectConfigurationPlatforms) = postSolution
		{1E7B4C78-9DF8-4159-9F44-F9B5CD8FCE80}.Debug|Any CPU.ActiveCfg = Debug|Any CPU
		{1E7B4C78-9DF8-4159-9F44-F9B5CD8FCE80}.Debug|Any CPU.Build.0 = Debug|Any CPU
		{1E7B4C78-9DF8-4159-9F44-F9B5CD8FCE80}.Release|Any CPU.ActiveCfg = Release|Any CPU
		{1E7B4C78-9DF8-4159-9F44-F9B5CD8FCE80}.Release|Any CPU.Build.0 = Release|Any CPU
		{23EAA645-E589-4E56-9315-E7A101DDD2D4}.Debug|Any CPU.ActiveCfg = Debug|Any CPU
		{23EAA645-E589-4E56-9315-E7A101DDD2D4}.Debug|Any CPU.Build.0 = Debug|Any CPU
		{23EAA645-E589-4E56-9315-E7A101DDD2D4}.Release|Any CPU.ActiveCfg = Release|Any CPU
		{23EAA645-E589-4E56-9315-E7A101DDD2D4}.Release|Any CPU.Build.0 = Release|Any CPU
		{D86E2F1B-AB4F-44AE-85A2-9A19C644CC39}.Debug|Any CPU.ActiveCfg = Debug|Any CPU
		{D86E2F1B-AB4F-44AE-85A2-9A19C644CC39}.Debug|Any CPU.Build.0 = Debug|Any CPU
		{D86E2F1B-AB4F-44AE-85A2-9A19C644CC39}.Release|Any CPU.ActiveCfg = Release|Any CPU
		{D86E2F1B-AB4F-44AE-85A2-9A19C644CC39}.Release|Any CPU.Build.0 = Release|Any CPU
		{AFD5FC79-4B12-48F7-AE23-9F3408DC885C}.Debug|Any CPU.ActiveCfg = Debug|Any CPU
		{AFD5FC79-4B12-48F7-AE23-9F3408DC885C}.Debug|Any CPU.Build.0 = Debug|Any CPU
		{AFD5FC79-4B12-48F7-AE23-9F3408DC885C}.Release|Any CPU.ActiveCfg = Release|Any CPU
		{AFD5FC79-4B12-48F7-AE23-9F3408DC885C}.Release|Any CPU.Build.0 = Release|Any CPU
		{46FFEB0F-2752-4D77-AA6B-F3E7459E9003}.Debug|Any CPU.ActiveCfg = Debug|Any CPU
		{46FFEB0F-2752-4D77-AA6B-F3E7459E9003}.Debug|Any CPU.Build.0 = Debug|Any CPU
		{46FFEB0F-2752-4D77-AA6B-F3E7459E9003}.Release|Any CPU.ActiveCfg = Release|Any CPU
		{46FFEB0F-2752-4D77-AA6B-F3E7459E9003}.Release|Any CPU.Build.0 = Release|Any CPU
		{0F0CBDDF-E791-4090-8DE1-979A28240DF0}.Debug|Any CPU.ActiveCfg = Debug|Any CPU
		{0F0CBDDF-E791-4090-8DE1-979A28240DF0}.Debug|Any CPU.Build.0 = Debug|Any CPU
		{0F0CBDDF-E791-4090-8DE1-979A28240DF0}.Release|Any CPU.ActiveCfg = Release|Any CPU
		{0F0CBDDF-E791-4090-8DE1-979A28240DF0}.Release|Any CPU.Build.0 = Release|Any CPU
		{27CF8F98-41FC-40B7-A393-58A7EDCD48A7}.Debug|Any CPU.ActiveCfg = Debug|Any CPU
		{27CF8F98-41FC-40B7-A393-58A7EDCD48A7}.Debug|Any CPU.Build.0 = Debug|Any CPU
		{27CF8F98-41FC-40B7-A393-58A7EDCD48A7}.Release|Any CPU.ActiveCfg = Release|Any CPU
		{27CF8F98-41FC-40B7-A393-58A7EDCD48A7}.Release|Any CPU.Build.0 = Release|Any CPU
		{960E93C9-7674-4F27-8D36-6F9C2AC9DB7E}.Debug|Any CPU.ActiveCfg = Debug|Any CPU
		{960E93C9-7674-4F27-8D36-6F9C2AC9DB7E}.Debug|Any CPU.Build.0 = Debug|Any CPU
		{960E93C9-7674-4F27-8D36-6F9C2AC9DB7E}.Release|Any CPU.ActiveCfg = Release|Any CPU
		{960E93C9-7674-4F27-8D36-6F9C2AC9DB7E}.Release|Any CPU.Build.0 = Release|Any CPU
		{CB6176FF-8CEF-4792-8F14-DD91EF5B1410}.Debug|Any CPU.ActiveCfg = Debug|Any CPU
		{CB6176FF-8CEF-4792-8F14-DD91EF5B1410}.Debug|Any CPU.Build.0 = Debug|Any CPU
		{CB6176FF-8CEF-4792-8F14-DD91EF5B1410}.Release|Any CPU.ActiveCfg = Release|Any CPU
		{CB6176FF-8CEF-4792-8F14-DD91EF5B1410}.Release|Any CPU.Build.0 = Release|Any CPU
		{C66A3BFB-4D08-4ED0-90CC-E63293F17FF5}.Debug|Any CPU.ActiveCfg = Debug|Any CPU
		{C66A3BFB-4D08-4ED0-90CC-E63293F17FF5}.Debug|Any CPU.Build.0 = Debug|Any CPU
		{C66A3BFB-4D08-4ED0-90CC-E63293F17FF5}.Release|Any CPU.ActiveCfg = Release|Any CPU
		{C66A3BFB-4D08-4ED0-90CC-E63293F17FF5}.Release|Any CPU.Build.0 = Release|Any CPU
		{F2E771F3-5BBE-4378-AEC8-AA29E6C9071F}.Debug|Any CPU.ActiveCfg = Debug|Any CPU
		{F2E771F3-5BBE-4378-AEC8-AA29E6C9071F}.Debug|Any CPU.Build.0 = Debug|Any CPU
		{F2E771F3-5BBE-4378-AEC8-AA29E6C9071F}.Release|Any CPU.ActiveCfg = Release|Any CPU
		{F2E771F3-5BBE-4378-AEC8-AA29E6C9071F}.Release|Any CPU.Build.0 = Release|Any CPU
		{1B404370-09D6-45DB-9C72-65CAA55CC925}.Debug|Any CPU.ActiveCfg = Debug|Any CPU
		{1B404370-09D6-45DB-9C72-65CAA55CC925}.Debug|Any CPU.Build.0 = Debug|Any CPU
		{1B404370-09D6-45DB-9C72-65CAA55CC925}.Release|Any CPU.ActiveCfg = Release|Any CPU
		{1B404370-09D6-45DB-9C72-65CAA55CC925}.Release|Any CPU.Build.0 = Release|Any CPU
		{E4CAFD59-76CE-4DFE-B352-2619FDB294E7}.Debug|Any CPU.ActiveCfg = Debug|Any CPU
		{E4CAFD59-76CE-4DFE-B352-2619FDB294E7}.Debug|Any CPU.Build.0 = Debug|Any CPU
		{E4CAFD59-76CE-4DFE-B352-2619FDB294E7}.Release|Any CPU.ActiveCfg = Release|Any CPU
		{E4CAFD59-76CE-4DFE-B352-2619FDB294E7}.Release|Any CPU.Build.0 = Release|Any CPU
	EndGlobalSection
	GlobalSection(SolutionProperties) = preSolution
		HideSolutionNode = FALSE
	EndGlobalSection
	GlobalSection(NestedProjects) = preSolution
		{131E550D-7DD9-4536-8B09-F7972E666478} = {D4532AD0-DC4E-4223-802C-DF282F438AE0}
		{1E7B4C78-9DF8-4159-9F44-F9B5CD8FCE80} = {131E550D-7DD9-4536-8B09-F7972E666478}
		{23EAA645-E589-4E56-9315-E7A101DDD2D4} = {131E550D-7DD9-4536-8B09-F7972E666478}
		{0076AE97-B7B3-4C79-95D6-1630794DE975} = {D4532AD0-DC4E-4223-802C-DF282F438AE0}
		{D86E2F1B-AB4F-44AE-85A2-9A19C644CC39} = {0076AE97-B7B3-4C79-95D6-1630794DE975}
		{AFD5FC79-4B12-48F7-AE23-9F3408DC885C} = {0076AE97-B7B3-4C79-95D6-1630794DE975}
		{6D12CC68-2E94-48CB-9817-7BB3F3B6A1E7} = {D4532AD0-DC4E-4223-802C-DF282F438AE0}
		{46FFEB0F-2752-4D77-AA6B-F3E7459E9003} = {6D12CC68-2E94-48CB-9817-7BB3F3B6A1E7}
		{0F0CBDDF-E791-4090-8DE1-979A28240DF0} = {6D12CC68-2E94-48CB-9817-7BB3F3B6A1E7}
		{6682306D-9CC7-4910-858F-81D5EF667A18} = {D4532AD0-DC4E-4223-802C-DF282F438AE0}
		{27CF8F98-41FC-40B7-A393-58A7EDCD48A7} = {6682306D-9CC7-4910-858F-81D5EF667A18}
		{960E93C9-7674-4F27-8D36-6F9C2AC9DB7E} = {6682306D-9CC7-4910-858F-81D5EF667A18}
		{CB6176FF-8CEF-4792-8F14-DD91EF5B1410} = {EA788798-D44A-4584-B483-15A97EA2614B}
		{C66A3BFB-4D08-4ED0-90CC-E63293F17FF5} = {EA788798-D44A-4584-B483-15A97EA2614B}
		{F2E771F3-5BBE-4378-AEC8-AA29E6C9071F} = {EA788798-D44A-4584-B483-15A97EA2614B}
		{1B404370-09D6-45DB-9C72-65CAA55CC925} = {EA788798-D44A-4584-B483-15A97EA2614B}
		{E4CAFD59-76CE-4DFE-B352-2619FDB294E7} = {EA788798-D44A-4584-B483-15A97EA2614B}
	EndGlobalSection
	GlobalSection(ExtensibilityGlobals) = postSolution
		SolutionGuid = {73732171-68F3-4254-B5E5-639321BEF844}
	EndGlobalSection
EndGlobal
