
Microsoft Visual Studio Solution File, Format Version 12.00
# Visual Studio Version 16
VisualStudioVersion = 16.0.30309.148
MinimumVisualStudioVersion = 10.0.40219.1
Project("{2150E333-8FDC-42A3-9474-1A3956D46DE8}") = "Dependencies", "Dependencies", "{E51B7030-7078-4306-B688-A3209BBA759C}"
EndProject
Project("{2150E333-8FDC-42A3-9474-1A3956D46DE8}") = "ADS.Tamam", "ADS.Tamam", "{78B33847-CCBF-4058-A51C-AEADE1FBC696}"
EndProject
Project("{2150E333-8FDC-42A3-9474-1A3956D46DE8}") = "Clients", "Clients", "{86ED45CE-0202-471D-8E32-21D53FF48179}"
EndProject
Project("{2150E333-8FDC-42A3-9474-1A3956D46DE8}") = "Core", "Core", "{2B4BE2A0-9B4A-45B2-A4BF-6950A92CC40F}"
EndProject
Project("{2150E333-8FDC-42A3-9474-1A3956D46DE8}") = "Modules", "Modules", "{666E4D2B-AD5D-428B-B877-63B254ED3D93}"
EndProject
Project("{2150E333-8FDC-42A3-9474-1A3956D46DE8}") = "Services", "Services", "{2BFB8B6B-C1AD-41D4-84EA-1A4D1DED38B2}"
EndProject
Project("{FAE04EC0-301F-11D3-BF4B-00C04F79EFBC}") = "ADS.Common", "ADS.Tamam\Core\ADS.Common\ADS.Common.csproj", "{CBF95A18-C007-4F1D-9499-53C3DE8F3866}"
EndProject
Project("{FAE04EC0-301F-11D3-BF4B-00C04F79EFBC}") = "ADS.Tamam.Common", "ADS.Tamam\Core\ADS.Tamam.Common\ADS.Tamam.Common.csproj", "{7AADE513-4123-4D53-B694-87B51BD30DB0}"
EndProject
Project("{FAE04EC0-301F-11D3-BF4B-00C04F79EFBC}") = "ADS.Tamam.Modules.Analysis", "ADS.Tamam\Modules\ADS.Tamam.Modules.Analysis\ADS.Tamam.Modules.Analysis.csproj", "{F3BE1194-8E79-4938-B48E-99FBB98ECB98}"
EndProject
Project("{FAE04EC0-301F-11D3-BF4B-00C04F79EFBC}") = "ADS.Tamam.Modules.Attendance", "ADS.Tamam\Modules\ADS.Tamam.Modules.Attendance\ADS.Tamam.Modules.Attendance.csproj", "{7A46D528-885A-4ECD-98C5-532B25DF7FCD}"
EndProject
Project("{FAE04EC0-301F-11D3-BF4B-00C04F79EFBC}") = "ADS.Tamam.Modules.Organization", "ADS.Tamam\Modules\ADS.Tamam.Modules.Organization\ADS.Tamam.Modules.Organization.csproj", "{5E788F92-8B25-4A13-A917-B68555A7EE62}"
EndProject
Project("{FAE04EC0-301F-11D3-BF4B-00C04F79EFBC}") = "ADS.Tamam.Modules.Personnel", "ADS.Tamam\Modules\ADS.Tamam.Modules.Personnel\ADS.Tamam.Modules.Personnel.csproj", "{21F0E8E7-5EB9-4D06-BB78-E3A1BFD2DEA6}"
EndProject
Project("{FAE04EC0-301F-11D3-BF4B-00C04F79EFBC}") = "ADS.Tamam.Modules.Configuration", "ADS.Tamam\Modules\ADS.Tamam.Modules.Configuration\ADS.Tamam.Modules.Configuration.csproj", "{9EC2A19C-19A9-4EEB-8C51-32AFB9D16686}"
EndProject
Project("{FAE04EC0-301F-11D3-BF4B-00C04F79EFBC}") = "ADS.Tamam.Common.Data", "ADS.Tamam\Core\ADS.Tamam.Common.Data\ADS.Tamam.Common.Data.csproj", "{71D9E671-1A73-40AB-887B-91463073FA9F}"
EndProject
Project("{2150E333-8FDC-42A3-9474-1A3956D46DE8}") = "Internal", "Internal", "{CC54B99E-184F-4363-812F-9FA7E404A80B}"
EndProject
Project("{FAE04EC0-301F-11D3-BF4B-00C04F79EFBC}") = "ADS.Common.Services.Notifications", "ADS.Tamam\Services\Internal\ADS.Common.Services.Notifications\ADS.Common.Services.Notifications.csproj", "{2058CA3E-1530-413F-BD5A-1C553E28D8B0}"
EndProject
Project("{FAE04EC0-301F-11D3-BF4B-00C04F79EFBC}") = "ADS.Tamam.Resources", "ADS.Tamam\Core\ADS.Tamam.Resources\ADS.Tamam.Resources.csproj", "{E4BD03BA-8CDA-4564-8B69-66479712DE9C}"
EndProject
Project("{FAE04EC0-301F-11D3-BF4B-00C04F79EFBC}") = "ADS.Common.Services.Cache", "ADS.Tamam\Services\Internal\ADS.Common.Services.Cache\ADS.Common.Services.Cache.csproj", "{AD5ED9AB-EDC0-47DD-8B16-CD89AE1E55DC}"
EndProject
Project("{FAE04EC0-301F-11D3-BF4B-00C04F79EFBC}") = "ADS.Common.Services.Cache.WCF", "ADS.Tamam\Services\Internal\ADS.Common.Services.Cache.WCF\ADS.Common.Services.Cache.WCF.csproj", "{709F2A5E-C17E-4798-8AD5-60D4B728289C}"
EndProject
Project("{FAE04EC0-301F-11D3-BF4B-00C04F79EFBC}") = "ADS.Tamam.Services.Leaves.Credits", "ADS.Tamam\Services\Internal\ADS.Tamam.Services.Leaves.Credits\ADS.Tamam.Services.Leaves.Credits.csproj", "{6B59A579-748E-49FA-AE15-2F77D23F01FA}"
EndProject
Project("{FAE04EC0-301F-11D3-BF4B-00C04F79EFBC}") = "ADS.Tamam.Services.Attendance.Capture", "ADS.Tamam\Services\Internal\ADS.Tamam.Services.Attendance.Capture\ADS.Tamam.Services.Attendance.Capture.csproj", "{2EE2EA4D-D947-433D-A415-CFD1D92758BD}"
EndProject
Project("{FAE04EC0-301F-11D3-BF4B-00C04F79EFBC}") = "ADS.Tamam.Services.Attendance.Engine", "ADS.Tamam\Services\Internal\ADS.Tamam.Services.Attendance.Engine\ADS.Tamam.Services.Attendance.Engine.csproj", "{4A2D732D-D6DC-4DB9-8A52-AC3D2C4E5DB9}"
EndProject
Project("{FAE04EC0-301F-11D3-BF4B-00C04F79EFBC}") = "ADS.Tamam.Services.Integration", "ADS.Tamam\Services\Internal\ADS.Tamam.Services.Integration\ADS.Tamam.Services.Integration.csproj", "{B781C1D2-3199-4469-A950-5958B1E2928B}"
EndProject
Project("{FAE04EC0-301F-11D3-BF4B-00C04F79EFBC}") = "ADS.Tamam.Modules.Integration", "ADS.Tamam\Modules\ADS.Tamam.Modules.Integration\ADS.Tamam.Modules.Integration.csproj", "{CD1E7B32-87B8-48E2-A7AD-920A9A1B777E}"
EndProject
Project("{FAE04EC0-301F-11D3-BF4B-00C04F79EFBC}") = "ADS.Tamam.Modules.Reporting", "ADS.Tamam\Modules\ADS.Tamam.Modules.Reporting\ADS.Tamam.Modules.Reporting.csproj", "{030CC026-8311-42F2-85D5-EF24B55F6D1F}"
EndProject
Project("{FAE04EC0-301F-11D3-BF4B-00C04F79EFBC}") = "ADS.Tamam.Services.Reports", "ADS.Tamam\Services\Internal\ADS.Tamam.Services.Reports\ADS.Tamam.Services.Reports.csproj", "{0C668BF7-E292-4A62-9C5D-11FAC1980F3C}"
EndProject
Project("{2150E333-8FDC-42A3-9474-1A3956D46DE8}") = "Docs", "Docs", "{157B3F3D-420A-4F77-9824-04C0221CA455}"
	ProjectSection(SolutionItems) = preProject
		Dependencies\Docs\Cache Clusters.txt = Dependencies\Docs\Cache Clusters.txt
	EndProjectSection
EndProject
Project("{FAE04EC0-301F-11D3-BF4B-00C04F79EFBC}") = "ADS.Common.Services.Events", "ADS.Tamam\Services\Internal\ADS.Common.Services.Events\ADS.Common.Services.Events.csproj", "{30C30917-1C61-4A19-A605-D96F5270E3D1}"
EndProject
Project("{FAE04EC0-301F-11D3-BF4B-00C04F79EFBC}") = "ADS.Tamam.License.Definition", "ADS.Tamam\Core\ADS.Tamam.License.Definition\ADS.Tamam.License.Definition.csproj", "{A36D2507-99FE-41C9-B0C0-F1D5AF150A6C}"
EndProject
Project("{FAE04EC0-301F-11D3-BF4B-00C04F79EFBC}") = "XCore", "ADS.Tamam\Core\XCore\XCore.csproj", "{C26CCFC4-DF96-4C50-90A5-BA07AD07A5BF}"
EndProject
Project("{2150E333-8FDC-42A3-9474-1A3956D46DE8}") = "Tools", "Tools", "{EC5B257A-769A-4134-ACA0-9F2215A35EC7}"
EndProject
Project("{2150E333-8FDC-42A3-9474-1A3956D46DE8}") = "Tests", "Tests", "{4A43D016-35F3-4913-AF1C-45FB88DFCC71}"
EndProject
Global
	GlobalSection(SolutionConfigurationPlatforms) = preSolution
		CD_ROM|Any CPU = CD_ROM|Any CPU
		Debug|Any CPU = Debug|Any CPU
		DVD-5|Any CPU = DVD-5|Any CPU
		Release|Any CPU = Release|Any CPU
		SingleImage|Any CPU = SingleImage|Any CPU
	EndGlobalSection
	GlobalSection(ProjectConfigurationPlatforms) = postSolution
		{CBF95A18-C007-4F1D-9499-53C3DE8F3866}.CD_ROM|Any CPU.ActiveCfg = Release|Any CPU
		{CBF95A18-C007-4F1D-9499-53C3DE8F3866}.CD_ROM|Any CPU.Build.0 = Release|Any CPU
		{CBF95A18-C007-4F1D-9499-53C3DE8F3866}.Debug|Any CPU.ActiveCfg = Debug|Any CPU
		{CBF95A18-C007-4F1D-9499-53C3DE8F3866}.Debug|Any CPU.Build.0 = Debug|Any CPU
		{CBF95A18-C007-4F1D-9499-53C3DE8F3866}.DVD-5|Any CPU.ActiveCfg = Debug|Any CPU
		{CBF95A18-C007-4F1D-9499-53C3DE8F3866}.DVD-5|Any CPU.Build.0 = Debug|Any CPU
		{CBF95A18-C007-4F1D-9499-53C3DE8F3866}.Release|Any CPU.ActiveCfg = Release|Any CPU
		{CBF95A18-C007-4F1D-9499-53C3DE8F3866}.Release|Any CPU.Build.0 = Release|Any CPU
		{CBF95A18-C007-4F1D-9499-53C3DE8F3866}.SingleImage|Any CPU.ActiveCfg = Release|Any CPU
		{CBF95A18-C007-4F1D-9499-53C3DE8F3866}.SingleImage|Any CPU.Build.0 = Release|Any CPU
		{7AADE513-4123-4D53-B694-87B51BD30DB0}.CD_ROM|Any CPU.ActiveCfg = Release|Any CPU
		{7AADE513-4123-4D53-B694-87B51BD30DB0}.CD_ROM|Any CPU.Build.0 = Release|Any CPU
		{7AADE513-4123-4D53-B694-87B51BD30DB0}.Debug|Any CPU.ActiveCfg = Debug|Any CPU
		{7AADE513-4123-4D53-B694-87B51BD30DB0}.Debug|Any CPU.Build.0 = Debug|Any CPU
		{7AADE513-4123-4D53-B694-87B51BD30DB0}.DVD-5|Any CPU.ActiveCfg = Debug|Any CPU
		{7AADE513-4123-4D53-B694-87B51BD30DB0}.DVD-5|Any CPU.Build.0 = Debug|Any CPU
		{7AADE513-4123-4D53-B694-87B51BD30DB0}.Release|Any CPU.ActiveCfg = Release|Any CPU
		{7AADE513-4123-4D53-B694-87B51BD30DB0}.Release|Any CPU.Build.0 = Release|Any CPU
		{7AADE513-4123-4D53-B694-87B51BD30DB0}.SingleImage|Any CPU.ActiveCfg = Release|Any CPU
		{7AADE513-4123-4D53-B694-87B51BD30DB0}.SingleImage|Any CPU.Build.0 = Release|Any CPU
		{F3BE1194-8E79-4938-B48E-99FBB98ECB98}.CD_ROM|Any CPU.ActiveCfg = Release|Any CPU
		{F3BE1194-8E79-4938-B48E-99FBB98ECB98}.CD_ROM|Any CPU.Build.0 = Release|Any CPU
		{F3BE1194-8E79-4938-B48E-99FBB98ECB98}.Debug|Any CPU.ActiveCfg = Debug|Any CPU
		{F3BE1194-8E79-4938-B48E-99FBB98ECB98}.Debug|Any CPU.Build.0 = Debug|Any CPU
		{F3BE1194-8E79-4938-B48E-99FBB98ECB98}.DVD-5|Any CPU.ActiveCfg = Debug|Any CPU
		{F3BE1194-8E79-4938-B48E-99FBB98ECB98}.DVD-5|Any CPU.Build.0 = Debug|Any CPU
		{F3BE1194-8E79-4938-B48E-99FBB98ECB98}.Release|Any CPU.ActiveCfg = Release|Any CPU
		{F3BE1194-8E79-4938-B48E-99FBB98ECB98}.Release|Any CPU.Build.0 = Release|Any CPU
		{F3BE1194-8E79-4938-B48E-99FBB98ECB98}.SingleImage|Any CPU.ActiveCfg = Release|Any CPU
		{F3BE1194-8E79-4938-B48E-99FBB98ECB98}.SingleImage|Any CPU.Build.0 = Release|Any CPU
		{7A46D528-885A-4ECD-98C5-532B25DF7FCD}.CD_ROM|Any CPU.ActiveCfg = Release|Any CPU
		{7A46D528-885A-4ECD-98C5-532B25DF7FCD}.CD_ROM|Any CPU.Build.0 = Release|Any CPU
		{7A46D528-885A-4ECD-98C5-532B25DF7FCD}.Debug|Any CPU.ActiveCfg = Debug|Any CPU
		{7A46D528-885A-4ECD-98C5-532B25DF7FCD}.Debug|Any CPU.Build.0 = Debug|Any CPU
		{7A46D528-885A-4ECD-98C5-532B25DF7FCD}.DVD-5|Any CPU.ActiveCfg = Debug|Any CPU
		{7A46D528-885A-4ECD-98C5-532B25DF7FCD}.DVD-5|Any CPU.Build.0 = Debug|Any CPU
		{7A46D528-885A-4ECD-98C5-532B25DF7FCD}.Release|Any CPU.ActiveCfg = Release|Any CPU
		{7A46D528-885A-4ECD-98C5-532B25DF7FCD}.Release|Any CPU.Build.0 = Release|Any CPU
		{7A46D528-885A-4ECD-98C5-532B25DF7FCD}.SingleImage|Any CPU.ActiveCfg = Release|Any CPU
		{7A46D528-885A-4ECD-98C5-532B25DF7FCD}.SingleImage|Any CPU.Build.0 = Release|Any CPU
		{5E788F92-8B25-4A13-A917-B68555A7EE62}.CD_ROM|Any CPU.ActiveCfg = Release|Any CPU
		{5E788F92-8B25-4A13-A917-B68555A7EE62}.CD_ROM|Any CPU.Build.0 = Release|Any CPU
		{5E788F92-8B25-4A13-A917-B68555A7EE62}.Debug|Any CPU.ActiveCfg = Debug|Any CPU
		{5E788F92-8B25-4A13-A917-B68555A7EE62}.Debug|Any CPU.Build.0 = Debug|Any CPU
		{5E788F92-8B25-4A13-A917-B68555A7EE62}.DVD-5|Any CPU.ActiveCfg = Debug|Any CPU
		{5E788F92-8B25-4A13-A917-B68555A7EE62}.DVD-5|Any CPU.Build.0 = Debug|Any CPU
		{5E788F92-8B25-4A13-A917-B68555A7EE62}.Release|Any CPU.ActiveCfg = Release|Any CPU
		{5E788F92-8B25-4A13-A917-B68555A7EE62}.Release|Any CPU.Build.0 = Release|Any CPU
		{5E788F92-8B25-4A13-A917-B68555A7EE62}.SingleImage|Any CPU.ActiveCfg = Release|Any CPU
		{5E788F92-8B25-4A13-A917-B68555A7EE62}.SingleImage|Any CPU.Build.0 = Release|Any CPU
		{21F0E8E7-5EB9-4D06-BB78-E3A1BFD2DEA6}.CD_ROM|Any CPU.ActiveCfg = Release|Any CPU
		{21F0E8E7-5EB9-4D06-BB78-E3A1BFD2DEA6}.CD_ROM|Any CPU.Build.0 = Release|Any CPU
		{21F0E8E7-5EB9-4D06-BB78-E3A1BFD2DEA6}.Debug|Any CPU.ActiveCfg = Debug|Any CPU
		{21F0E8E7-5EB9-4D06-BB78-E3A1BFD2DEA6}.Debug|Any CPU.Build.0 = Debug|Any CPU
		{21F0E8E7-5EB9-4D06-BB78-E3A1BFD2DEA6}.DVD-5|Any CPU.ActiveCfg = Debug|Any CPU
		{21F0E8E7-5EB9-4D06-BB78-E3A1BFD2DEA6}.DVD-5|Any CPU.Build.0 = Debug|Any CPU
		{21F0E8E7-5EB9-4D06-BB78-E3A1BFD2DEA6}.Release|Any CPU.ActiveCfg = Release|Any CPU
		{21F0E8E7-5EB9-4D06-BB78-E3A1BFD2DEA6}.Release|Any CPU.Build.0 = Release|Any CPU
		{21F0E8E7-5EB9-4D06-BB78-E3A1BFD2DEA6}.SingleImage|Any CPU.ActiveCfg = Release|Any CPU
		{21F0E8E7-5EB9-4D06-BB78-E3A1BFD2DEA6}.SingleImage|Any CPU.Build.0 = Release|Any CPU
		{9EC2A19C-19A9-4EEB-8C51-32AFB9D16686}.CD_ROM|Any CPU.ActiveCfg = Release|Any CPU
		{9EC2A19C-19A9-4EEB-8C51-32AFB9D16686}.CD_ROM|Any CPU.Build.0 = Release|Any CPU
		{9EC2A19C-19A9-4EEB-8C51-32AFB9D16686}.Debug|Any CPU.ActiveCfg = Debug|Any CPU
		{9EC2A19C-19A9-4EEB-8C51-32AFB9D16686}.Debug|Any CPU.Build.0 = Debug|Any CPU
		{9EC2A19C-19A9-4EEB-8C51-32AFB9D16686}.DVD-5|Any CPU.ActiveCfg = Debug|Any CPU
		{9EC2A19C-19A9-4EEB-8C51-32AFB9D16686}.DVD-5|Any CPU.Build.0 = Debug|Any CPU
		{9EC2A19C-19A9-4EEB-8C51-32AFB9D16686}.Release|Any CPU.ActiveCfg = Release|Any CPU
		{9EC2A19C-19A9-4EEB-8C51-32AFB9D16686}.Release|Any CPU.Build.0 = Release|Any CPU
		{9EC2A19C-19A9-4EEB-8C51-32AFB9D16686}.SingleImage|Any CPU.ActiveCfg = Release|Any CPU
		{9EC2A19C-19A9-4EEB-8C51-32AFB9D16686}.SingleImage|Any CPU.Build.0 = Release|Any CPU
		{71D9E671-1A73-40AB-887B-91463073FA9F}.CD_ROM|Any CPU.ActiveCfg = Release|Any CPU
		{71D9E671-1A73-40AB-887B-91463073FA9F}.CD_ROM|Any CPU.Build.0 = Release|Any CPU
		{71D9E671-1A73-40AB-887B-91463073FA9F}.Debug|Any CPU.ActiveCfg = Debug|Any CPU
		{71D9E671-1A73-40AB-887B-91463073FA9F}.Debug|Any CPU.Build.0 = Debug|Any CPU
		{71D9E671-1A73-40AB-887B-91463073FA9F}.DVD-5|Any CPU.ActiveCfg = Debug|Any CPU
		{71D9E671-1A73-40AB-887B-91463073FA9F}.DVD-5|Any CPU.Build.0 = Debug|Any CPU
		{71D9E671-1A73-40AB-887B-91463073FA9F}.Release|Any CPU.ActiveCfg = Release|Any CPU
		{71D9E671-1A73-40AB-887B-91463073FA9F}.Release|Any CPU.Build.0 = Release|Any CPU
		{71D9E671-1A73-40AB-887B-91463073FA9F}.SingleImage|Any CPU.ActiveCfg = Release|Any CPU
		{71D9E671-1A73-40AB-887B-91463073FA9F}.SingleImage|Any CPU.Build.0 = Release|Any CPU
		{2058CA3E-1530-413F-BD5A-1C553E28D8B0}.CD_ROM|Any CPU.ActiveCfg = Release|Any CPU
		{2058CA3E-1530-413F-BD5A-1C553E28D8B0}.CD_ROM|Any CPU.Build.0 = Release|Any CPU
		{2058CA3E-1530-413F-BD5A-1C553E28D8B0}.Debug|Any CPU.ActiveCfg = Debug|Any CPU
		{2058CA3E-1530-413F-BD5A-1C553E28D8B0}.Debug|Any CPU.Build.0 = Debug|Any CPU
		{2058CA3E-1530-413F-BD5A-1C553E28D8B0}.DVD-5|Any CPU.ActiveCfg = Debug|Any CPU
		{2058CA3E-1530-413F-BD5A-1C553E28D8B0}.DVD-5|Any CPU.Build.0 = Debug|Any CPU
		{2058CA3E-1530-413F-BD5A-1C553E28D8B0}.Release|Any CPU.ActiveCfg = Release|Any CPU
		{2058CA3E-1530-413F-BD5A-1C553E28D8B0}.Release|Any CPU.Build.0 = Release|Any CPU
		{2058CA3E-1530-413F-BD5A-1C553E28D8B0}.SingleImage|Any CPU.ActiveCfg = Release|Any CPU
		{2058CA3E-1530-413F-BD5A-1C553E28D8B0}.SingleImage|Any CPU.Build.0 = Release|Any CPU
		{E4BD03BA-8CDA-4564-8B69-66479712DE9C}.CD_ROM|Any CPU.ActiveCfg = Release|Any CPU
		{E4BD03BA-8CDA-4564-8B69-66479712DE9C}.CD_ROM|Any CPU.Build.0 = Release|Any CPU
		{E4BD03BA-8CDA-4564-8B69-66479712DE9C}.Debug|Any CPU.ActiveCfg = Debug|Any CPU
		{E4BD03BA-8CDA-4564-8B69-66479712DE9C}.Debug|Any CPU.Build.0 = Debug|Any CPU
		{E4BD03BA-8CDA-4564-8B69-66479712DE9C}.DVD-5|Any CPU.ActiveCfg = Debug|Any CPU
		{E4BD03BA-8CDA-4564-8B69-66479712DE9C}.DVD-5|Any CPU.Build.0 = Debug|Any CPU
		{E4BD03BA-8CDA-4564-8B69-66479712DE9C}.Release|Any CPU.ActiveCfg = Release|Any CPU
		{E4BD03BA-8CDA-4564-8B69-66479712DE9C}.Release|Any CPU.Build.0 = Release|Any CPU
		{E4BD03BA-8CDA-4564-8B69-66479712DE9C}.SingleImage|Any CPU.ActiveCfg = Release|Any CPU
		{E4BD03BA-8CDA-4564-8B69-66479712DE9C}.SingleImage|Any CPU.Build.0 = Release|Any CPU
		{AD5ED9AB-EDC0-47DD-8B16-CD89AE1E55DC}.CD_ROM|Any CPU.ActiveCfg = Release|Any CPU
		{AD5ED9AB-EDC0-47DD-8B16-CD89AE1E55DC}.CD_ROM|Any CPU.Build.0 = Release|Any CPU
		{AD5ED9AB-EDC0-47DD-8B16-CD89AE1E55DC}.Debug|Any CPU.ActiveCfg = Debug|Any CPU
		{AD5ED9AB-EDC0-47DD-8B16-CD89AE1E55DC}.Debug|Any CPU.Build.0 = Debug|Any CPU
		{AD5ED9AB-EDC0-47DD-8B16-CD89AE1E55DC}.DVD-5|Any CPU.ActiveCfg = Debug|Any CPU
		{AD5ED9AB-EDC0-47DD-8B16-CD89AE1E55DC}.DVD-5|Any CPU.Build.0 = Debug|Any CPU
		{AD5ED9AB-EDC0-47DD-8B16-CD89AE1E55DC}.Release|Any CPU.ActiveCfg = Release|Any CPU
		{AD5ED9AB-EDC0-47DD-8B16-CD89AE1E55DC}.Release|Any CPU.Build.0 = Release|Any CPU
		{AD5ED9AB-EDC0-47DD-8B16-CD89AE1E55DC}.SingleImage|Any CPU.ActiveCfg = Release|Any CPU
		{AD5ED9AB-EDC0-47DD-8B16-CD89AE1E55DC}.SingleImage|Any CPU.Build.0 = Release|Any CPU
		{709F2A5E-C17E-4798-8AD5-60D4B728289C}.CD_ROM|Any CPU.ActiveCfg = Release|Any CPU
		{709F2A5E-C17E-4798-8AD5-60D4B728289C}.CD_ROM|Any CPU.Build.0 = Release|Any CPU
		{709F2A5E-C17E-4798-8AD5-60D4B728289C}.Debug|Any CPU.ActiveCfg = Debug|Any CPU
		{709F2A5E-C17E-4798-8AD5-60D4B728289C}.Debug|Any CPU.Build.0 = Debug|Any CPU
		{709F2A5E-C17E-4798-8AD5-60D4B728289C}.DVD-5|Any CPU.ActiveCfg = Debug|Any CPU
		{709F2A5E-C17E-4798-8AD5-60D4B728289C}.DVD-5|Any CPU.Build.0 = Debug|Any CPU
		{709F2A5E-C17E-4798-8AD5-60D4B728289C}.Release|Any CPU.ActiveCfg = Release|Any CPU
		{709F2A5E-C17E-4798-8AD5-60D4B728289C}.Release|Any CPU.Build.0 = Release|Any CPU
		{709F2A5E-C17E-4798-8AD5-60D4B728289C}.SingleImage|Any CPU.ActiveCfg = Release|Any CPU
		{709F2A5E-C17E-4798-8AD5-60D4B728289C}.SingleImage|Any CPU.Build.0 = Release|Any CPU
		{6B59A579-748E-49FA-AE15-2F77D23F01FA}.CD_ROM|Any CPU.ActiveCfg = Release|Any CPU
		{6B59A579-748E-49FA-AE15-2F77D23F01FA}.CD_ROM|Any CPU.Build.0 = Release|Any CPU
		{6B59A579-748E-49FA-AE15-2F77D23F01FA}.Debug|Any CPU.ActiveCfg = Debug|Any CPU
		{6B59A579-748E-49FA-AE15-2F77D23F01FA}.Debug|Any CPU.Build.0 = Debug|Any CPU
		{6B59A579-748E-49FA-AE15-2F77D23F01FA}.DVD-5|Any CPU.ActiveCfg = Debug|Any CPU
		{6B59A579-748E-49FA-AE15-2F77D23F01FA}.DVD-5|Any CPU.Build.0 = Debug|Any CPU
		{6B59A579-748E-49FA-AE15-2F77D23F01FA}.Release|Any CPU.ActiveCfg = Release|Any CPU
		{6B59A579-748E-49FA-AE15-2F77D23F01FA}.Release|Any CPU.Build.0 = Release|Any CPU
		{6B59A579-748E-49FA-AE15-2F77D23F01FA}.SingleImage|Any CPU.ActiveCfg = Release|Any CPU
		{6B59A579-748E-49FA-AE15-2F77D23F01FA}.SingleImage|Any CPU.Build.0 = Release|Any CPU
		{2EE2EA4D-D947-433D-A415-CFD1D92758BD}.CD_ROM|Any CPU.ActiveCfg = Release|Any CPU
		{2EE2EA4D-D947-433D-A415-CFD1D92758BD}.CD_ROM|Any CPU.Build.0 = Release|Any CPU
		{2EE2EA4D-D947-433D-A415-CFD1D92758BD}.Debug|Any CPU.ActiveCfg = Debug|Any CPU
		{2EE2EA4D-D947-433D-A415-CFD1D92758BD}.Debug|Any CPU.Build.0 = Debug|Any CPU
		{2EE2EA4D-D947-433D-A415-CFD1D92758BD}.DVD-5|Any CPU.ActiveCfg = Debug|Any CPU
		{2EE2EA4D-D947-433D-A415-CFD1D92758BD}.DVD-5|Any CPU.Build.0 = Debug|Any CPU
		{2EE2EA4D-D947-433D-A415-CFD1D92758BD}.Release|Any CPU.ActiveCfg = Release|Any CPU
		{2EE2EA4D-D947-433D-A415-CFD1D92758BD}.Release|Any CPU.Build.0 = Release|Any CPU
		{2EE2EA4D-D947-433D-A415-CFD1D92758BD}.SingleImage|Any CPU.ActiveCfg = Release|Any CPU
		{2EE2EA4D-D947-433D-A415-CFD1D92758BD}.SingleImage|Any CPU.Build.0 = Release|Any CPU
		{4A2D732D-D6DC-4DB9-8A52-AC3D2C4E5DB9}.CD_ROM|Any CPU.ActiveCfg = Release|Any CPU
		{4A2D732D-D6DC-4DB9-8A52-AC3D2C4E5DB9}.CD_ROM|Any CPU.Build.0 = Release|Any CPU
		{4A2D732D-D6DC-4DB9-8A52-AC3D2C4E5DB9}.Debug|Any CPU.ActiveCfg = Debug|Any CPU
		{4A2D732D-D6DC-4DB9-8A52-AC3D2C4E5DB9}.Debug|Any CPU.Build.0 = Debug|Any CPU
		{4A2D732D-D6DC-4DB9-8A52-AC3D2C4E5DB9}.DVD-5|Any CPU.ActiveCfg = Debug|Any CPU
		{4A2D732D-D6DC-4DB9-8A52-AC3D2C4E5DB9}.DVD-5|Any CPU.Build.0 = Debug|Any CPU
		{4A2D732D-D6DC-4DB9-8A52-AC3D2C4E5DB9}.Release|Any CPU.ActiveCfg = Release|Any CPU
		{4A2D732D-D6DC-4DB9-8A52-AC3D2C4E5DB9}.Release|Any CPU.Build.0 = Release|Any CPU
		{4A2D732D-D6DC-4DB9-8A52-AC3D2C4E5DB9}.SingleImage|Any CPU.ActiveCfg = Release|Any CPU
		{4A2D732D-D6DC-4DB9-8A52-AC3D2C4E5DB9}.SingleImage|Any CPU.Build.0 = Release|Any CPU
		{B781C1D2-3199-4469-A950-5958B1E2928B}.CD_ROM|Any CPU.ActiveCfg = Release|Any CPU
		{B781C1D2-3199-4469-A950-5958B1E2928B}.CD_ROM|Any CPU.Build.0 = Release|Any CPU
		{B781C1D2-3199-4469-A950-5958B1E2928B}.Debug|Any CPU.ActiveCfg = Debug|Any CPU
		{B781C1D2-3199-4469-A950-5958B1E2928B}.Debug|Any CPU.Build.0 = Debug|Any CPU
		{B781C1D2-3199-4469-A950-5958B1E2928B}.DVD-5|Any CPU.ActiveCfg = Debug|Any CPU
		{B781C1D2-3199-4469-A950-5958B1E2928B}.DVD-5|Any CPU.Build.0 = Debug|Any CPU
		{B781C1D2-3199-4469-A950-5958B1E2928B}.Release|Any CPU.ActiveCfg = Release|Any CPU
		{B781C1D2-3199-4469-A950-5958B1E2928B}.Release|Any CPU.Build.0 = Release|Any CPU
		{B781C1D2-3199-4469-A950-5958B1E2928B}.SingleImage|Any CPU.ActiveCfg = Release|Any CPU
		{B781C1D2-3199-4469-A950-5958B1E2928B}.SingleImage|Any CPU.Build.0 = Release|Any CPU
		{CD1E7B32-87B8-48E2-A7AD-920A9A1B777E}.CD_ROM|Any CPU.ActiveCfg = Release|Any CPU
		{CD1E7B32-87B8-48E2-A7AD-920A9A1B777E}.CD_ROM|Any CPU.Build.0 = Release|Any CPU
		{CD1E7B32-87B8-48E2-A7AD-920A9A1B777E}.Debug|Any CPU.ActiveCfg = Debug|Any CPU
		{CD1E7B32-87B8-48E2-A7AD-920A9A1B777E}.Debug|Any CPU.Build.0 = Debug|Any CPU
		{CD1E7B32-87B8-48E2-A7AD-920A9A1B777E}.DVD-5|Any CPU.ActiveCfg = Debug|Any CPU
		{CD1E7B32-87B8-48E2-A7AD-920A9A1B777E}.DVD-5|Any CPU.Build.0 = Debug|Any CPU
		{CD1E7B32-87B8-48E2-A7AD-920A9A1B777E}.Release|Any CPU.ActiveCfg = Release|Any CPU
		{CD1E7B32-87B8-48E2-A7AD-920A9A1B777E}.Release|Any CPU.Build.0 = Release|Any CPU
		{CD1E7B32-87B8-48E2-A7AD-920A9A1B777E}.SingleImage|Any CPU.ActiveCfg = Release|Any CPU
		{CD1E7B32-87B8-48E2-A7AD-920A9A1B777E}.SingleImage|Any CPU.Build.0 = Release|Any CPU
		{030CC026-8311-42F2-85D5-EF24B55F6D1F}.CD_ROM|Any CPU.ActiveCfg = Release|Any CPU
		{030CC026-8311-42F2-85D5-EF24B55F6D1F}.CD_ROM|Any CPU.Build.0 = Release|Any CPU
		{030CC026-8311-42F2-85D5-EF24B55F6D1F}.Debug|Any CPU.ActiveCfg = Debug|Any CPU
		{030CC026-8311-42F2-85D5-EF24B55F6D1F}.Debug|Any CPU.Build.0 = Debug|Any CPU
		{030CC026-8311-42F2-85D5-EF24B55F6D1F}.DVD-5|Any CPU.ActiveCfg = Debug|Any CPU
		{030CC026-8311-42F2-85D5-EF24B55F6D1F}.DVD-5|Any CPU.Build.0 = Debug|Any CPU
		{030CC026-8311-42F2-85D5-EF24B55F6D1F}.Release|Any CPU.ActiveCfg = Release|Any CPU
		{030CC026-8311-42F2-85D5-EF24B55F6D1F}.Release|Any CPU.Build.0 = Release|Any CPU
		{030CC026-8311-42F2-85D5-EF24B55F6D1F}.SingleImage|Any CPU.ActiveCfg = Release|Any CPU
		{030CC026-8311-42F2-85D5-EF24B55F6D1F}.SingleImage|Any CPU.Build.0 = Release|Any CPU
		{0C668BF7-E292-4A62-9C5D-11FAC1980F3C}.CD_ROM|Any CPU.ActiveCfg = Release|Any CPU
		{0C668BF7-E292-4A62-9C5D-11FAC1980F3C}.CD_ROM|Any CPU.Build.0 = Release|Any CPU
		{0C668BF7-E292-4A62-9C5D-11FAC1980F3C}.Debug|Any CPU.ActiveCfg = Debug|Any CPU
		{0C668BF7-E292-4A62-9C5D-11FAC1980F3C}.Debug|Any CPU.Build.0 = Debug|Any CPU
		{0C668BF7-E292-4A62-9C5D-11FAC1980F3C}.DVD-5|Any CPU.ActiveCfg = Debug|Any CPU
		{0C668BF7-E292-4A62-9C5D-11FAC1980F3C}.DVD-5|Any CPU.Build.0 = Debug|Any CPU
		{0C668BF7-E292-4A62-9C5D-11FAC1980F3C}.Release|Any CPU.ActiveCfg = Release|Any CPU
		{0C668BF7-E292-4A62-9C5D-11FAC1980F3C}.Release|Any CPU.Build.0 = Release|Any CPU
		{0C668BF7-E292-4A62-9C5D-11FAC1980F3C}.SingleImage|Any CPU.ActiveCfg = Release|Any CPU
		{0C668BF7-E292-4A62-9C5D-11FAC1980F3C}.SingleImage|Any CPU.Build.0 = Release|Any CPU
		{30C30917-1C61-4A19-A605-D96F5270E3D1}.CD_ROM|Any CPU.ActiveCfg = Release|Any CPU
		{30C30917-1C61-4A19-A605-D96F5270E3D1}.CD_ROM|Any CPU.Build.0 = Release|Any CPU
		{30C30917-1C61-4A19-A605-D96F5270E3D1}.Debug|Any CPU.ActiveCfg = Debug|Any CPU
		{30C30917-1C61-4A19-A605-D96F5270E3D1}.Debug|Any CPU.Build.0 = Debug|Any CPU
		{30C30917-1C61-4A19-A605-D96F5270E3D1}.DVD-5|Any CPU.ActiveCfg = Debug|Any CPU
		{30C30917-1C61-4A19-A605-D96F5270E3D1}.DVD-5|Any CPU.Build.0 = Debug|Any CPU
		{30C30917-1C61-4A19-A605-D96F5270E3D1}.Release|Any CPU.ActiveCfg = Release|Any CPU
		{30C30917-1C61-4A19-A605-D96F5270E3D1}.Release|Any CPU.Build.0 = Release|Any CPU
		{30C30917-1C61-4A19-A605-D96F5270E3D1}.SingleImage|Any CPU.ActiveCfg = Release|Any CPU
		{30C30917-1C61-4A19-A605-D96F5270E3D1}.SingleImage|Any CPU.Build.0 = Release|Any CPU
		{A36D2507-99FE-41C9-B0C0-F1D5AF150A6C}.CD_ROM|Any CPU.ActiveCfg = Release|Any CPU
		{A36D2507-99FE-41C9-B0C0-F1D5AF150A6C}.CD_ROM|Any CPU.Build.0 = Release|Any CPU
		{A36D2507-99FE-41C9-B0C0-F1D5AF150A6C}.Debug|Any CPU.ActiveCfg = Debug|Any CPU
		{A36D2507-99FE-41C9-B0C0-F1D5AF150A6C}.Debug|Any CPU.Build.0 = Debug|Any CPU
		{A36D2507-99FE-41C9-B0C0-F1D5AF150A6C}.DVD-5|Any CPU.ActiveCfg = Debug|Any CPU
		{A36D2507-99FE-41C9-B0C0-F1D5AF150A6C}.DVD-5|Any CPU.Build.0 = Debug|Any CPU
		{A36D2507-99FE-41C9-B0C0-F1D5AF150A6C}.Release|Any CPU.ActiveCfg = Release|Any CPU
		{A36D2507-99FE-41C9-B0C0-F1D5AF150A6C}.Release|Any CPU.Build.0 = Release|Any CPU
		{A36D2507-99FE-41C9-B0C0-F1D5AF150A6C}.SingleImage|Any CPU.ActiveCfg = Release|Any CPU
		{A36D2507-99FE-41C9-B0C0-F1D5AF150A6C}.SingleImage|Any CPU.Build.0 = Release|Any CPU
		{C26CCFC4-DF96-4C50-90A5-BA07AD07A5BF}.CD_ROM|Any CPU.ActiveCfg = Release|Any CPU
		{C26CCFC4-DF96-4C50-90A5-BA07AD07A5BF}.CD_ROM|Any CPU.Build.0 = Release|Any CPU
		{C26CCFC4-DF96-4C50-90A5-BA07AD07A5BF}.Debug|Any CPU.ActiveCfg = Debug|Any CPU
		{C26CCFC4-DF96-4C50-90A5-BA07AD07A5BF}.Debug|Any CPU.Build.0 = Debug|Any CPU
		{C26CCFC4-DF96-4C50-90A5-BA07AD07A5BF}.DVD-5|Any CPU.ActiveCfg = Debug|Any CPU
		{C26CCFC4-DF96-4C50-90A5-BA07AD07A5BF}.DVD-5|Any CPU.Build.0 = Debug|Any CPU
		{C26CCFC4-DF96-4C50-90A5-BA07AD07A5BF}.Release|Any CPU.ActiveCfg = Release|Any CPU
		{C26CCFC4-DF96-4C50-90A5-BA07AD07A5BF}.Release|Any CPU.Build.0 = Release|Any CPU
		{C26CCFC4-DF96-4C50-90A5-BA07AD07A5BF}.SingleImage|Any CPU.ActiveCfg = Release|Any CPU
		{C26CCFC4-DF96-4C50-90A5-BA07AD07A5BF}.SingleImage|Any CPU.Build.0 = Release|Any CPU
	EndGlobalSection
	GlobalSection(SolutionProperties) = preSolution
		HideSolutionNode = FALSE
	EndGlobalSection
	GlobalSection(NestedProjects) = preSolution
		{86ED45CE-0202-471D-8E32-21D53FF48179} = {78B33847-CCBF-4058-A51C-AEADE1FBC696}
		{2B4BE2A0-9B4A-45B2-A4BF-6950A92CC40F} = {78B33847-CCBF-4058-A51C-AEADE1FBC696}
		{666E4D2B-AD5D-428B-B877-63B254ED3D93} = {78B33847-CCBF-4058-A51C-AEADE1FBC696}
		{2BFB8B6B-C1AD-41D4-84EA-1A4D1DED38B2} = {78B33847-CCBF-4058-A51C-AEADE1FBC696}
		{CBF95A18-C007-4F1D-9499-53C3DE8F3866} = {2B4BE2A0-9B4A-45B2-A4BF-6950A92CC40F}
		{7AADE513-4123-4D53-B694-87B51BD30DB0} = {2B4BE2A0-9B4A-45B2-A4BF-6950A92CC40F}
		{F3BE1194-8E79-4938-B48E-99FBB98ECB98} = {666E4D2B-AD5D-428B-B877-63B254ED3D93}
		{7A46D528-885A-4ECD-98C5-532B25DF7FCD} = {666E4D2B-AD5D-428B-B877-63B254ED3D93}
		{5E788F92-8B25-4A13-A917-B68555A7EE62} = {666E4D2B-AD5D-428B-B877-63B254ED3D93}
		{21F0E8E7-5EB9-4D06-BB78-E3A1BFD2DEA6} = {666E4D2B-AD5D-428B-B877-63B254ED3D93}
		{9EC2A19C-19A9-4EEB-8C51-32AFB9D16686} = {666E4D2B-AD5D-428B-B877-63B254ED3D93}
		{71D9E671-1A73-40AB-887B-91463073FA9F} = {2B4BE2A0-9B4A-45B2-A4BF-6950A92CC40F}
		{CC54B99E-184F-4363-812F-9FA7E404A80B} = {2BFB8B6B-C1AD-41D4-84EA-1A4D1DED38B2}
		{2058CA3E-1530-413F-BD5A-1C553E28D8B0} = {CC54B99E-184F-4363-812F-9FA7E404A80B}
		{E4BD03BA-8CDA-4564-8B69-66479712DE9C} = {2B4BE2A0-9B4A-45B2-A4BF-6950A92CC40F}
		{AD5ED9AB-EDC0-47DD-8B16-CD89AE1E55DC} = {CC54B99E-184F-4363-812F-9FA7E404A80B}
		{709F2A5E-C17E-4798-8AD5-60D4B728289C} = {CC54B99E-184F-4363-812F-9FA7E404A80B}
		{6B59A579-748E-49FA-AE15-2F77D23F01FA} = {CC54B99E-184F-4363-812F-9FA7E404A80B}
		{2EE2EA4D-D947-433D-A415-CFD1D92758BD} = {CC54B99E-184F-4363-812F-9FA7E404A80B}
		{4A2D732D-D6DC-4DB9-8A52-AC3D2C4E5DB9} = {CC54B99E-184F-4363-812F-9FA7E404A80B}
		{B781C1D2-3199-4469-A950-5958B1E2928B} = {CC54B99E-184F-4363-812F-9FA7E404A80B}
		{CD1E7B32-87B8-48E2-A7AD-920A9A1B777E} = {666E4D2B-AD5D-428B-B877-63B254ED3D93}
		{030CC026-8311-42F2-85D5-EF24B55F6D1F} = {666E4D2B-AD5D-428B-B877-63B254ED3D93}
		{0C668BF7-E292-4A62-9C5D-11FAC1980F3C} = {CC54B99E-184F-4363-812F-9FA7E404A80B}
		{157B3F3D-420A-4F77-9824-04C0221CA455} = {E51B7030-7078-4306-B688-A3209BBA759C}
		{30C30917-1C61-4A19-A605-D96F5270E3D1} = {CC54B99E-184F-4363-812F-9FA7E404A80B}
		{A36D2507-99FE-41C9-B0C0-F1D5AF150A6C} = {2B4BE2A0-9B4A-45B2-A4BF-6950A92CC40F}
		{C26CCFC4-DF96-4C50-90A5-BA07AD07A5BF} = {2B4BE2A0-9B4A-45B2-A4BF-6950A92CC40F}
		{EC5B257A-769A-4134-ACA0-9F2215A35EC7} = {78B33847-CCBF-4058-A51C-AEADE1FBC696}
		{4A43D016-35F3-4913-AF1C-45FB88DFCC71} = {78B33847-CCBF-4058-A51C-AEADE1FBC696}
	EndGlobalSection
	GlobalSection(ExtensibilityGlobals) = postSolution
		SolutionGuid = {D3FFF471-E61C-4BBE-A04F-B0BB1A349EFE}
	EndGlobalSection
EndGlobal
